
Microsoft Visual Studio Solution File, Format Version 12.00
# Visual Studio Version 17
VisualStudioVersion = 17.0.31903.59
MinimumVisualStudioVersion = 10.0.40219.1
Project("{FAE04EC0-301F-11D3-BF4B-00C04F79EFBC}") = "OOP1", "OOP1\OOP1.csproj", "{9469E441-8195-408C-954C-9784CA3D7AFD}"
EndProject
Global
	GlobalSection(SolutionConfigurationPlatforms) = preSolution
		Debug|Any CPU = Debug|Any CPU
		Release|Any CPU = Release|Any CPU
	EndGlobalSection
	GlobalSection(ProjectConfigurationPlatforms) = postSolution
		{9469E441-8195-408C-954C-9784CA3D7AFD}.Debug|Any CPU.ActiveCfg = Debug|Any CPU
		{9469E441-8195-408C-954C-9784CA3D7AFD}.Debug|Any CPU.Build.0 = Debug|Any CPU
		{9469E441-8195-408C-954C-9784CA3D7AFD}.Release|Any CPU.ActiveCfg = Release|Any CPU
		{9469E441-8195-408C-954C-9784CA3D7AFD}.Release|Any CPU.Build.0 = Release|Any CPU
	EndGlobalSection
	GlobalSection(SolutionProperties) = preSolution
		HideSolutionNode = FALSE
	EndGlobalSection
	GlobalSection(ExtensibilityGlobals) = postSolution
		SolutionGuid = {7B1097AB-5861-4E39-BA77-EFFEE8ABE377}
	EndGlobalSection
EndGlobal
